{
    "_meta": {
        "hash": {
            "sha256": "ee2d2ff0e12d95d6e2c5eb20dc6f537f87f169926692496001362df5966cb4b3"
        },
        "pipfile-spec": 6,
        "requires": {
            "python_version": "3.9"
        },
        "sources": [
            {
                "name": "pypi",
                "url": "https://mirrors.aliyun.com/pypi/simple/",
                "verify_ssl": true
            }
        ]
    },
    "default": {
        "altgraph": {
            "hashes": [
                "sha256:743628f2ac6a7c26f5d9223c91ed8ecbba535f506f4b6f558885a8a56a105857",
                "sha256:ebf2269361b47d97b3b88e696439f6e4cbc607c17c51feb1754f90fb79839158"
            ],
            "version": "==0.17.2"
        },
        "colorama": {
            "hashes": [
                "sha256:5941b2b48a20143d2267e95b1c2a7603ce057ee39fd88e7329b0c292aa16869b",
                "sha256:9f47eda37229f68eee03b24b9748937c7dc3868f906e8ba69fbcbdd3bc5dc3e2"
            ],
            "index": "pypi",
            "version": "==0.4.4"
        },
        "et-xmlfile": {
            "hashes": [
                "sha256:8eb9e2bc2f8c97e37a2dc85a09ecdcdec9d8a396530a6d5a33b30b9a92da0c5c",
                "sha256:a2ba85d1d6a74ef63837eed693bcb89c3f752169b0e3e7ae5b16ca5e1b3deada"
            ],
            "markers": "python_version >= '3.6'",
            "version": "==1.1.0"
        },
        "macholib": {
            "hashes": [
                "sha256:1542c41da3600509f91c165cb897e7e54c0e74008bd8da5da7ebbee519d593d2",
                "sha256:885613dd02d3e26dbd2b541eb4cc4ce611b841f827c0958ab98656e478b9e6f6"
            ],
            "markers": "sys_platform == 'darwin'",
            "version": "==1.15.2"
        },
        "openpyxl": {
            "hashes": [
                "sha256:40f568b9829bf9e446acfffce30250ac1fa39035124d55fc024025c41481c90f",
                "sha256:8f3b11bd896a95468a4ab162fc4fcd260d46157155d1f8bfaabb99d88cfcf79f"
            ],
            "index": "pypi",
            "version": "==3.0.9"
        },
        "pyinstaller": {
            "hashes": [
                "sha256:0f488407108dd4e0531576552514889b2d5620367c81a177dfbe1eb628ad7a8c",
                "sha256:2c7f4810dc5272ec1b388a7f1ff6b56d38653c1b0c9ac2d9dd54fa06b590e372"
            ],
            "index": "pypi",
            "version": "==4.7"
        },
        "pyinstaller-hooks-contrib": {
            "hashes": [
                "sha256:169b09802a19f83593114821d6ba0416a05c7071ef0ca394f7bfb7e2c0c916c8",
                "sha256:a52bc3834281266bbf77239cfc9521923336ca622f44f90924546ed6c6d3ad5e"
            ],
            "version": "==2021.3"
        },
        "setuptools": {
            "hashes": [
                "sha256:157d21de9d055ab9e8ea3186d91e7f4f865e11f42deafa952d90842671fc2576",
                "sha256:4adde3d1e1c89bde1c643c64d89cdd94cbfd8c75252ee459d4500bccb9c7d05d"
            ],
            "markers": "python_version >= '3.6'",
            "version": "==59.2.0"
        }
    },
    "develop": {
        "altgraph": {
            "hashes": [
                "sha256:743628f2ac6a7c26f5d9223c91ed8ecbba535f506f4b6f558885a8a56a105857",
                "sha256:ebf2269361b47d97b3b88e696439f6e4cbc607c17c51feb1754f90fb79839158"
            ],
            "version": "==0.17.2"
        },
        "macholib": {
            "hashes": [
                "sha256:1542c41da3600509f91c165cb897e7e54c0e74008bd8da5da7ebbee519d593d2",
                "sha256:885613dd02d3e26dbd2b541eb4cc4ce611b841f827c0958ab98656e478b9e6f6"
            ],
            "markers": "sys_platform == 'darwin'",
            "version": "==1.15.2"
        },
        "pyinstaller": {
            "hashes": [
                "sha256:0f488407108dd4e0531576552514889b2d5620367c81a177dfbe1eb628ad7a8c",
                "sha256:2c7f4810dc5272ec1b388a7f1ff6b56d38653c1b0c9ac2d9dd54fa06b590e372"
            ],
            "index": "pypi",
            "version": "==4.7"
        },
        "pyinstaller-hooks-contrib": {
            "hashes": [
                "sha256:169b09802a19f83593114821d6ba0416a05c7071ef0ca394f7bfb7e2c0c916c8",
                "sha256:a52bc3834281266bbf77239cfc9521923336ca622f44f90924546ed6c6d3ad5e"
            ],
            "version": "==2021.3"
        },
        "setuptools": {
            "hashes": [
                "sha256:157d21de9d055ab9e8ea3186d91e7f4f865e11f42deafa952d90842671fc2576",
                "sha256:4adde3d1e1c89bde1c643c64d89cdd94cbfd8c75252ee459d4500bccb9c7d05d"
            ],
            "markers": "python_version >= '3.6'",
            "version": "==59.2.0"
        }
    }
}
